
Microsoft Visual Studio Solution File, Format Version 12.00
# Visual Studio Version 17
VisualStudioVersion = 17.9.34616.47
MinimumVisualStudioVersion = 10.0.40219.1
Project("{FAE04EC0-301F-11D3-BF4B-00C04F79EFBC}") = "InsuranceProducts", "InsuranceProducts\InsuranceProducts.csproj", "{2254078E-93E7-49B9-9168-578AF6E9BABF}"
EndProject
Global
	GlobalSection(SolutionConfigurationPlatforms) = preSolution
		Debug|Any CPU = Debug|Any CPU
		Release|Any CPU = Release|Any CPU
	EndGlobalSection
	GlobalSection(ProjectConfigurationPlatforms) = postSolution
		{2254078E-93E7-49B9-9168-578AF6E9BABF}.Debug|Any CPU.ActiveCfg = Debug|Any CPU
		{2254078E-93E7-49B9-9168-578AF6E9BABF}.Debug|Any CPU.Build.0 = Debug|Any CPU
		{2254078E-93E7-49B9-9168-578AF6E9BABF}.Release|Any CPU.ActiveCfg = Release|Any CPU
		{2254078E-93E7-49B9-9168-578AF6E9BABF}.Release|Any CPU.Build.0 = Release|Any CPU
	EndGlobalSection
	GlobalSection(SolutionProperties) = preSolution
		HideSolutionNode = FALSE
	EndGlobalSection
	GlobalSection(ExtensibilityGlobals) = postSolution
		SolutionGuid = {0D7C7EA3-C857-49D3-8469-0D56EDD85E5D}
	EndGlobalSection
EndGlobal
